{
  "requires": true,
  "lockfileVersion": 1,
  "dependencies": {
    "@tweenjs/tween.js": {
      "version": "17.3.0",
      "resolved": "https://registry.npm.taobao.org/@tweenjs/tween.js/download/@tweenjs/tween.js-17.3.0.tgz",
      "integrity": "sha512-SPkhNj9/wGfbdX2C3B3KhttLQ4iesd+Ny8Dv1RnqF1MFUIqsZz/OJVLzJEHSEl7zheNx70dvqrwfbCFDQ0sWBw=="
    },
    "da": {
      "version": "0.0.3",
      "resolved": "http://r.cnpmjs.org/da/download/da-0.0.3.tgz",
      "integrity": "sha1-nTbdIz2nZ1R/zgXO/jo1jixjckI="
    },
    "dat.gui": {
      "version": "0.7.6",
      "resolved": "http://r.cnpmjs.org/dat.gui/download/dat.gui-0.7.6.tgz",
      "integrity": "sha1-khgqDy3JbCaRD4iCONODkWbYL3Y="
    },
    "three": {
      "version": "0.110.0",
      "resolved": "http://r.cnpmjs.org/three/download/three-0.110.0.tgz",
      "integrity": "sha1-hxlZHeEzYmkRPuefQmi6JHsjJPg="
    },
    "vconsole": {
      "version": "3.3.4",
      "resolved": "https://registry.npm.taobao.org/vconsole/download/vconsole-3.3.4.tgz",
      "integrity": "sha1-p9rNiIez0+kC6NGEJc2lbDTnf1E="
    }
  }
}
