# THIS IS AN AUTOGENERATED FILE. DO NOT EDIT THIS FILE DIRECTLY.
# yarn lockfile v1


"@tweenjs/tween.js@^17.3.0":
  version "17.4.0"
  resolved "http://r.cnpmjs.org/@tweenjs/tween.js/download/@tweenjs/tween.js-17.4.0.tgz#2e9ab3f2111906b30dfe1ef3259a9781dd211d35"
  integrity sha1-Lpqz8hEZBrMN/h7zJZqXgd0hHTU=

da@^0.0.3:
  version "0.0.3"
  resolved "http://r.cnpmjs.org/da/download/da-0.0.3.tgz#9d36dd233da767547fce05cefe3a358e2c637242"
  integrity sha1-nTbdIz2nZ1R/zgXO/jo1jixjckI=

three@^0.110.0:
  version "0.110.0"
  resolved "http://r.cnpmjs.org/three/download/three-0.110.0.tgz#8719591de1336269113ee79f4268ba247b2324f8"
  integrity sha1-hxlZHeEzYmkRPuefQmi6JHsjJPg=
